Microsoft Visual Studio Solution File, Format Version 12.00
# Visual Studio Version 17
VisualStudioVersion = 17.5.2.0
MinimumVisualStudioVersion = 10.0.40219.1
Project("{FAE04EC0-301F-11D3-BF4B-00C04F79EFBC}") = "direct", "direct\direct.csproj", "{FC02F141-5D7E-1611-3B77-D85F40E433BF}"
EndProject
Project("{FAE04EC0-301F-11D3-BF4B-00C04F79EFBC}") = "consume_one", "consume_one\consume_one.csproj", "{8DA8BABC-3DD6-4900-3D38-CE22A84EB7FB}"
EndProject
Global
	GlobalSection(SolutionConfigurationPlatforms) = preSolution
		Debug|Any CPU = Debug|Any CPU
		Release|Any CPU = Release|Any CPU
	EndGlobalSection
	GlobalSection(ProjectConfigurationPlatforms) = postSolution
		{FC02F141-5D7E-1611-3B77-D85F40E433BF}.Debug|Any CPU.ActiveCfg = Debug|Any CPU
		{FC02F141-5D7E-1611-3B77-D85F40E433BF}.Debug|Any CPU.Build.0 = Debug|Any CPU
		{FC02F141-5D7E-1611-3B77-D85F40E433BF}.Release|Any CPU.ActiveCfg = Release|Any CPU
		{FC02F141-5D7E-1611-3B77-D85F40E433BF}.Release|Any CPU.Build.0 = Release|Any CPU
		{8DA8BABC-3DD6-4900-3D38-CE22A84EB7FB}.Debug|Any CPU.ActiveCfg = Debug|Any CPU
		{8DA8BABC-3DD6-4900-3D38-CE22A84EB7FB}.Debug|Any CPU.Build.0 = Debug|Any CPU
		{8DA8BABC-3DD6-4900-3D38-CE22A84EB7FB}.Release|Any CPU.ActiveCfg = Release|Any CPU
		{8DA8BABC-3DD6-4900-3D38-CE22A84EB7FB}.Release|Any CPU.Build.0 = Release|Any CPU
	EndGlobalSection
	GlobalSection(SolutionProperties) = preSolution
		HideSolutionNode = FALSE
	EndGlobalSection
	GlobalSection(ExtensibilityGlobals) = postSolution
		SolutionGuid = {391E9EF3-324D-48C4-A17C-2A570FF388E2}
	EndGlobalSection
EndGlobal
