
Microsoft Visual Studio Solution File, Format Version 12.00
# Visual Studio Version 17
VisualStudioVersion = 17.0.31903.59
MinimumVisualStudioVersion = 10.0.40219.1
Project("{FAE04EC0-301F-11D3-BF4B-00C04F79EFBC}") = "01_web-api_demo", "01_web-api_demo\01_web-api_demo.csproj", "{EDC323C3-36D6-4343-8FBD-BDE16269CC0B}"
EndProject
Project("{2150E333-8FDC-42A3-9474-1A3956D46DE8}") = "02_one-to-many", "02_one-to-many", "{9BE03583-2623-E878-6D65-A3B383D96AD2}"
EndProject
Project("{FAE04EC0-301F-11D3-BF4B-00C04F79EFBC}") = "backend", "02_one-to-many\backend\backend.csproj", "{654FAA66-029C-4B2E-A270-F79E5824DAB5}"
EndProject
Project("{FAE04EC0-301F-11D3-BF4B-00C04F79EFBC}") = "frontend", "02_one-to-many\frontend\frontend.csproj", "{F60CBF17-6EEF-4C23-988F-24CF6D8A95EC}"
EndProject
Project("{FAE04EC0-301F-11D3-BF4B-00C04F79EFBC}") = "LModels", "02_one-to-many\LModels\LModels.csproj", "{A435C2ED-13CF-403D-AACF-5EB5420A818D}"
EndProject
Project("{2150E333-8FDC-42A3-9474-1A3956D46DE8}") = "03_upload-file-local", "03_upload-file-local", "{259D8C9C-B07B-C3FF-5BC2-829ADE4F744F}"
EndProject
Project("{FAE04EC0-301F-11D3-BF4B-00C04F79EFBC}") = "backend", "03_upload-file-local\backend\backend.csproj", "{9CCC6349-FED1-49D7-A4A5-8443950E96FC}"
EndProject
Project("{FAE04EC0-301F-11D3-BF4B-00C04F79EFBC}") = "frontend", "03_upload-file-local\frontend\frontend.csproj", "{7CA008B1-5AE0-49D3-A40E-3D7C2F244483}"
EndProject
Project("{FAE04EC0-301F-11D3-BF4B-00C04F79EFBC}") = "LModels", "03_upload-file-local\LModels\LModels.csproj", "{F2454A1B-6592-4D5B-B99D-070BB22C96D8}"
EndProject
Project("{FAE04EC0-301F-11D3-BF4B-00C04F79EFBC}") = "04_many-to-many", "04_many-to-many\04_many-to-many.csproj", "{4113F254-9217-4907-969F-4C75E3C8CDF8}"
EndProject
Project("{FAE04EC0-301F-11D3-BF4B-00C04F79EFBC}") = "05_authentication", "05_authentication\05_authentication.csproj", "{B260CE22-F526-492E-980A-E52AFE666F12}"
EndProject
Project("{2150E333-8FDC-42A3-9474-1A3956D46DE8}") = "05_authentication_practice", "05_authentication_practice", "{804EEA85-F9CB-7E03-2341-AC7C228ABB73}"
EndProject
Project("{FAE04EC0-301F-11D3-BF4B-00C04F79EFBC}") = "backend", "05_authentication_practice\backend\backend.csproj", "{26474B75-4C40-43DE-B114-B6C3FA0F26F3}"
EndProject
Project("{FAE04EC0-301F-11D3-BF4B-00C04F79EFBC}") = "frontend", "05_authentication_practice\frontend\frontend.csproj", "{2B2FE673-8049-433F-9DC5-CCC132C59855}"
EndProject
Project("{FAE04EC0-301F-11D3-BF4B-00C04F79EFBC}") = "Shared", "05_authentication_practice\Shared\Shared.csproj", "{09F11FFA-F504-42B4-A108-9E250024340B}"
EndProject
Project("{FAE04EC0-301F-11D3-BF4B-00C04F79EFBC}") = "06_upload-many-file", "06_upload-many-file\06_upload-many-file.csproj", "{8807A6DE-3F32-4EEF-BBB1-0235C55C40E0}"
EndProject
Project("{2150E333-8FDC-42A3-9474-1A3956D46DE8}") = "05_authentication_practice_2", "05_authentication_practice_2", "{8AF29469-A5A5-28FA-BB10-7CDC419BD7C8}"
EndProject
Project("{FAE04EC0-301F-11D3-BF4B-00C04F79EFBC}") = "backend", "05_authentication_practice_2\backend\backend.csproj", "{97C776D2-E674-4C6A-B130-7F66B2CC8151}"
EndProject
Project("{FAE04EC0-301F-11D3-BF4B-00C04F79EFBC}") = "frontend", "05_authentication_practice_2\frontend\frontend.csproj", "{534FFD42-650C-40F4-B6C2-7B7359725763}"
EndProject
Project("{FAE04EC0-301F-11D3-BF4B-00C04F79EFBC}") = "Shared", "05_authentication_practice_2\Shared\Shared.csproj", "{B4561880-B465-4BD7-BCD2-8B78D5694AF8}"
EndProject
Project("{2150E333-8FDC-42A3-9474-1A3956D46DE8}") = "07_rabbitMQ", "07_rabbitMQ", "{0624CC71-8139-9DA3-CA86-0AEB447DCADF}"
EndProject
Project("{FAE04EC0-301F-11D3-BF4B-00C04F79EFBC}") = "direct", "07_rabbitMQ\direct\direct.csproj", "{945AF358-C923-4DD2-8306-51FDE93BBC67}"
EndProject
Project("{FAE04EC0-301F-11D3-BF4B-00C04F79EFBC}") = "consume_one", "07_rabbitMQ\consume_one\consume_one.csproj", "{2DEE672A-C33D-4E80-B1D9-4ACADD10DA5D}"
EndProject
Project("{2150E333-8FDC-42A3-9474-1A3956D46DE8}") = "07_rabbitMQ_practice", "07_rabbitMQ_practice", "{588A60B1-1C48-3A52-947B-50CF7F292D12}"
EndProject
Project("{FAE04EC0-301F-11D3-BF4B-00C04F79EFBC}") = "direct", "07_rabbitMQ_practice\direct\direct.csproj", "{6BEE17FE-88B3-47E4-A64B-65D59E77508B}"
EndProject
Project("{FAE04EC0-301F-11D3-BF4B-00C04F79EFBC}") = "consumer", "07_rabbitMQ_practice\consumer\consumer.csproj", "{22D38767-7810-4675-BDDE-583C75234961}"
EndProject
Project("{2150E333-8FDC-42A3-9474-1A3956D46DE8}") = "08_microservices", "08_microservices", "{395339CF-9D11-607B-D043-E73A85152C18}"
EndProject
Project("{FAE04EC0-301F-11D3-BF4B-00C04F79EFBC}") = "user-service", "08_microservices\user-service\user-service.csproj", "{EEE9F089-6342-4B8C-99F9-2A65D8108AFA}"
EndProject
Project("{FAE04EC0-301F-11D3-BF4B-00C04F79EFBC}") = "order-service", "08_microservices\order-service\order-service.csproj", "{4CA94968-25FE-4438-A084-22DFEDA85BAB}"
EndProject
Project("{FAE04EC0-301F-11D3-BF4B-00C04F79EFBC}") = "loyal-service", "08_microservices\loyal-service\loyal-service.csproj", "{245AA874-0D9D-4A6A-9F2C-1381F86FEE5F}"
EndProject
Project("{FAE04EC0-301F-11D3-BF4B-00C04F79EFBC}") = "api-gateway", "08_microservices\api-gateway\api-gateway.csproj", "{E625A98C-F8D9-4CB5-8D92-C2579C2EA755}"
EndProject
Project("{2150E333-8FDC-42A3-9474-1A3956D46DE8}") = "05_authentication_recall", "05_authentication_recall", "{EFF00E51-424E-E6FE-6CEB-4FC2D729CAAD}"
EndProject
Project("{FAE04EC0-301F-11D3-BF4B-00C04F79EFBC}") = "server", "05_authentication_recall\server\server.csproj", "{CA6FDFB8-9865-4DC5-9341-A1C052780121}"
EndProject
Project("{FAE04EC0-301F-11D3-BF4B-00C04F79EFBC}") = "client", "05_authentication_recall\client\client.csproj", "{EFA6673E-1AE5-4909-8076-FDA4575149A4}"
EndProject
Project("{2150E333-8FDC-42A3-9474-1A3956D46DE8}") = "09_exam-practice_1", "09_exam-practice_1", "{3B096213-726F-FF84-031C-38439C4193B1}"
EndProject
Project("{2150E333-8FDC-42A3-9474-1A3956D46DE8}") = "10_exam-practice_2", "10_exam-practice_2", "{429A38A3-2154-C773-7B4D-963A6B06CA53}"
EndProject
Project("{FAE04EC0-301F-11D3-BF4B-00C04F79EFBC}") = "server", "09_exam-practice_1\server\server.csproj", "{66920DE7-3438-48C5-A269-E4BADF850D1E}"
EndProject
Project("{FAE04EC0-301F-11D3-BF4B-00C04F79EFBC}") = "client", "09_exam-practice_1\client\client.csproj", "{CD579C7B-3C1E-4A77-8FE6-0E2E671D0BCC}"
EndProject
Project("{FAE04EC0-301F-11D3-BF4B-00C04F79EFBC}") = "server", "10_exam-practice_2\server\server.csproj", "{EFB79C56-CAF9-4CAE-ABD1-7F14A4C48B32}"
EndProject
Project("{FAE04EC0-301F-11D3-BF4B-00C04F79EFBC}") = "client", "10_exam-practice_2\client\client.csproj", "{680F6A9F-C687-44D1-8A21-557D42655AE6}"
EndProject
Project("{2150E333-8FDC-42A3-9474-1A3956D46DE8}") = "11_exam", "11_exam", "{371F9DA2-FC15-9B98-7A21-A5ABF08FBB5E}"
EndProject
Project("{FAE04EC0-301F-11D3-BF4B-00C04F79EFBC}") = "server", "11_exam\server\server.csproj", "{1F42ECB0-C490-45A0-B37D-2D1740955686}"
EndProject
Project("{FAE04EC0-301F-11D3-BF4B-00C04F79EFBC}") = "client", "11_exam\client\client.csproj", "{A21A97FB-B46F-419E-B293-63BE5A249B82}"
EndProject
Global
	GlobalSection(SolutionConfigurationPlatforms) = preSolution
		Debug|Any CPU = Debug|Any CPU
		Debug|x64 = Debug|x64
		Debug|x86 = Debug|x86
		Release|Any CPU = Release|Any CPU
		Release|x64 = Release|x64
		Release|x86 = Release|x86
	EndGlobalSection
	GlobalSection(ProjectConfigurationPlatforms) = postSolution
		{EDC323C3-36D6-4343-8FBD-BDE16269CC0B}.Debug|Any CPU.ActiveCfg = Debug|Any CPU
		{EDC323C3-36D6-4343-8FBD-BDE16269CC0B}.Debug|Any CPU.Build.0 = Debug|Any CPU
		{EDC323C3-36D6-4343-8FBD-BDE16269CC0B}.Debug|x64.ActiveCfg = Debug|Any CPU
		{EDC323C3-36D6-4343-8FBD-BDE16269CC0B}.Debug|x64.Build.0 = Debug|Any CPU
		{EDC323C3-36D6-4343-8FBD-BDE16269CC0B}.Debug|x86.ActiveCfg = Debug|Any CPU
		{EDC323C3-36D6-4343-8FBD-BDE16269CC0B}.Debug|x86.Build.0 = Debug|Any CPU
		{EDC323C3-36D6-4343-8FBD-BDE16269CC0B}.Release|Any CPU.ActiveCfg = Release|Any CPU
		{EDC323C3-36D6-4343-8FBD-BDE16269CC0B}.Release|Any CPU.Build.0 = Release|Any CPU
		{EDC323C3-36D6-4343-8FBD-BDE16269CC0B}.Release|x64.ActiveCfg = Release|Any CPU
		{EDC323C3-36D6-4343-8FBD-BDE16269CC0B}.Release|x64.Build.0 = Release|Any CPU
		{EDC323C3-36D6-4343-8FBD-BDE16269CC0B}.Release|x86.ActiveCfg = Release|Any CPU
		{EDC323C3-36D6-4343-8FBD-BDE16269CC0B}.Release|x86.Build.0 = Release|Any CPU
		{654FAA66-029C-4B2E-A270-F79E5824DAB5}.Debug|Any CPU.ActiveCfg = Debug|Any CPU
		{654FAA66-029C-4B2E-A270-F79E5824DAB5}.Debug|Any CPU.Build.0 = Debug|Any CPU
		{654FAA66-029C-4B2E-A270-F79E5824DAB5}.Debug|x64.ActiveCfg = Debug|Any CPU
		{654FAA66-029C-4B2E-A270-F79E5824DAB5}.Debug|x64.Build.0 = Debug|Any CPU
		{654FAA66-029C-4B2E-A270-F79E5824DAB5}.Debug|x86.ActiveCfg = Debug|Any CPU
		{654FAA66-029C-4B2E-A270-F79E5824DAB5}.Debug|x86.Build.0 = Debug|Any CPU
		{654FAA66-029C-4B2E-A270-F79E5824DAB5}.Release|Any CPU.ActiveCfg = Release|Any CPU
		{654FAA66-029C-4B2E-A270-F79E5824DAB5}.Release|Any CPU.Build.0 = Release|Any CPU
		{654FAA66-029C-4B2E-A270-F79E5824DAB5}.Release|x64.ActiveCfg = Release|Any CPU
		{654FAA66-029C-4B2E-A270-F79E5824DAB5}.Release|x64.Build.0 = Release|Any CPU
		{654FAA66-029C-4B2E-A270-F79E5824DAB5}.Release|x86.ActiveCfg = Release|Any CPU
		{654FAA66-029C-4B2E-A270-F79E5824DAB5}.Release|x86.Build.0 = Release|Any CPU
		{F60CBF17-6EEF-4C23-988F-24CF6D8A95EC}.Debug|Any CPU.ActiveCfg = Debug|Any CPU
		{F60CBF17-6EEF-4C23-988F-24CF6D8A95EC}.Debug|Any CPU.Build.0 = Debug|Any CPU
		{F60CBF17-6EEF-4C23-988F-24CF6D8A95EC}.Debug|x64.ActiveCfg = Debug|Any CPU
		{F60CBF17-6EEF-4C23-988F-24CF6D8A95EC}.Debug|x64.Build.0 = Debug|Any CPU
		{F60CBF17-6EEF-4C23-988F-24CF6D8A95EC}.Debug|x86.ActiveCfg = Debug|Any CPU
		{F60CBF17-6EEF-4C23-988F-24CF6D8A95EC}.Debug|x86.Build.0 = Debug|Any CPU
		{F60CBF17-6EEF-4C23-988F-24CF6D8A95EC}.Release|Any CPU.ActiveCfg = Release|Any CPU
		{F60CBF17-6EEF-4C23-988F-24CF6D8A95EC}.Release|Any CPU.Build.0 = Release|Any CPU
		{F60CBF17-6EEF-4C23-988F-24CF6D8A95EC}.Release|x64.ActiveCfg = Release|Any CPU
		{F60CBF17-6EEF-4C23-988F-24CF6D8A95EC}.Release|x64.Build.0 = Release|Any CPU
		{F60CBF17-6EEF-4C23-988F-24CF6D8A95EC}.Release|x86.ActiveCfg = Release|Any CPU
		{F60CBF17-6EEF-4C23-988F-24CF6D8A95EC}.Release|x86.Build.0 = Release|Any CPU
		{A435C2ED-13CF-403D-AACF-5EB5420A818D}.Debug|Any CPU.ActiveCfg = Debug|Any CPU
		{A435C2ED-13CF-403D-AACF-5EB5420A818D}.Debug|Any CPU.Build.0 = Debug|Any CPU
		{A435C2ED-13CF-403D-AACF-5EB5420A818D}.Debug|x64.ActiveCfg = Debug|Any CPU
		{A435C2ED-13CF-403D-AACF-5EB5420A818D}.Debug|x64.Build.0 = Debug|Any CPU
		{A435C2ED-13CF-403D-AACF-5EB5420A818D}.Debug|x86.ActiveCfg = Debug|Any CPU
		{A435C2ED-13CF-403D-AACF-5EB5420A818D}.Debug|x86.Build.0 = Debug|Any CPU
		{A435C2ED-13CF-403D-AACF-5EB5420A818D}.Release|Any CPU.ActiveCfg = Release|Any CPU
		{A435C2ED-13CF-403D-AACF-5EB5420A818D}.Release|Any CPU.Build.0 = Release|Any CPU
		{A435C2ED-13CF-403D-AACF-5EB5420A818D}.Release|x64.ActiveCfg = Release|Any CPU
		{A435C2ED-13CF-403D-AACF-5EB5420A818D}.Release|x64.Build.0 = Release|Any CPU
		{A435C2ED-13CF-403D-AACF-5EB5420A818D}.Release|x86.ActiveCfg = Release|Any CPU
		{A435C2ED-13CF-403D-AACF-5EB5420A818D}.Release|x86.Build.0 = Release|Any CPU
		{9CCC6349-FED1-49D7-A4A5-8443950E96FC}.Debug|Any CPU.ActiveCfg = Debug|Any CPU
		{9CCC6349-FED1-49D7-A4A5-8443950E96FC}.Debug|Any CPU.Build.0 = Debug|Any CPU
		{9CCC6349-FED1-49D7-A4A5-8443950E96FC}.Debug|x64.ActiveCfg = Debug|Any CPU
		{9CCC6349-FED1-49D7-A4A5-8443950E96FC}.Debug|x64.Build.0 = Debug|Any CPU
		{9CCC6349-FED1-49D7-A4A5-8443950E96FC}.Debug|x86.ActiveCfg = Debug|Any CPU
		{9CCC6349-FED1-49D7-A4A5-8443950E96FC}.Debug|x86.Build.0 = Debug|Any CPU
		{9CCC6349-FED1-49D7-A4A5-8443950E96FC}.Release|Any CPU.ActiveCfg = Release|Any CPU
		{9CCC6349-FED1-49D7-A4A5-8443950E96FC}.Release|Any CPU.Build.0 = Release|Any CPU
		{9CCC6349-FED1-49D7-A4A5-8443950E96FC}.Release|x64.ActiveCfg = Release|Any CPU
		{9CCC6349-FED1-49D7-A4A5-8443950E96FC}.Release|x64.Build.0 = Release|Any CPU
		{9CCC6349-FED1-49D7-A4A5-8443950E96FC}.Release|x86.ActiveCfg = Release|Any CPU
		{9CCC6349-FED1-49D7-A4A5-8443950E96FC}.Release|x86.Build.0 = Release|Any CPU
		{7CA008B1-5AE0-49D3-A40E-3D7C2F244483}.Debug|Any CPU.ActiveCfg = Debug|Any CPU
		{7CA008B1-5AE0-49D3-A40E-3D7C2F244483}.Debug|Any CPU.Build.0 = Debug|Any CPU
		{7CA008B1-5AE0-49D3-A40E-3D7C2F244483}.Debug|x64.ActiveCfg = Debug|Any CPU
		{7CA008B1-5AE0-49D3-A40E-3D7C2F244483}.Debug|x64.Build.0 = Debug|Any CPU
		{7CA008B1-5AE0-49D3-A40E-3D7C2F244483}.Debug|x86.ActiveCfg = Debug|Any CPU
		{7CA008B1-5AE0-49D3-A40E-3D7C2F244483}.Debug|x86.Build.0 = Debug|Any CPU
		{7CA008B1-5AE0-49D3-A40E-3D7C2F244483}.Release|Any CPU.ActiveCfg = Release|Any CPU
		{7CA008B1-5AE0-49D3-A40E-3D7C2F244483}.Release|Any CPU.Build.0 = Release|Any CPU
		{7CA008B1-5AE0-49D3-A40E-3D7C2F244483}.Release|x64.ActiveCfg = Release|Any CPU
		{7CA008B1-5AE0-49D3-A40E-3D7C2F244483}.Release|x64.Build.0 = Release|Any CPU
		{7CA008B1-5AE0-49D3-A40E-3D7C2F244483}.Release|x86.ActiveCfg = Release|Any CPU
		{7CA008B1-5AE0-49D3-A40E-3D7C2F244483}.Release|x86.Build.0 = Release|Any CPU
		{F2454A1B-6592-4D5B-B99D-070BB22C96D8}.Debug|Any CPU.ActiveCfg = Debug|Any CPU
		{F2454A1B-6592-4D5B-B99D-070BB22C96D8}.Debug|Any CPU.Build.0 = Debug|Any CPU
		{F2454A1B-6592-4D5B-B99D-070BB22C96D8}.Debug|x64.ActiveCfg = Debug|Any CPU
		{F2454A1B-6592-4D5B-B99D-070BB22C96D8}.Debug|x64.Build.0 = Debug|Any CPU
		{F2454A1B-6592-4D5B-B99D-070BB22C96D8}.Debug|x86.ActiveCfg = Debug|Any CPU
		{F2454A1B-6592-4D5B-B99D-070BB22C96D8}.Debug|x86.Build.0 = Debug|Any CPU
		{F2454A1B-6592-4D5B-B99D-070BB22C96D8}.Release|Any CPU.ActiveCfg = Release|Any CPU
		{F2454A1B-6592-4D5B-B99D-070BB22C96D8}.Release|Any CPU.Build.0 = Release|Any CPU
		{F2454A1B-6592-4D5B-B99D-070BB22C96D8}.Release|x64.ActiveCfg = Release|Any CPU
		{F2454A1B-6592-4D5B-B99D-070BB22C96D8}.Release|x64.Build.0 = Release|Any CPU
		{F2454A1B-6592-4D5B-B99D-070BB22C96D8}.Release|x86.ActiveCfg = Release|Any CPU
		{F2454A1B-6592-4D5B-B99D-070BB22C96D8}.Release|x86.Build.0 = Release|Any CPU
		{4113F254-9217-4907-969F-4C75E3C8CDF8}.Debug|Any CPU.ActiveCfg = Debug|Any CPU
		{4113F254-9217-4907-969F-4C75E3C8CDF8}.Debug|Any CPU.Build.0 = Debug|Any CPU
		{4113F254-9217-4907-969F-4C75E3C8CDF8}.Debug|x64.ActiveCfg = Debug|Any CPU
		{4113F254-9217-4907-969F-4C75E3C8CDF8}.Debug|x64.Build.0 = Debug|Any CPU
		{4113F254-9217-4907-969F-4C75E3C8CDF8}.Debug|x86.ActiveCfg = Debug|Any CPU
		{4113F254-9217-4907-969F-4C75E3C8CDF8}.Debug|x86.Build.0 = Debug|Any CPU
		{4113F254-9217-4907-969F-4C75E3C8CDF8}.Release|Any CPU.ActiveCfg = Release|Any CPU
		{4113F254-9217-4907-969F-4C75E3C8CDF8}.Release|Any CPU.Build.0 = Release|Any CPU
		{4113F254-9217-4907-969F-4C75E3C8CDF8}.Release|x64.ActiveCfg = Release|Any CPU
		{4113F254-9217-4907-969F-4C75E3C8CDF8}.Release|x64.Build.0 = Release|Any CPU
		{4113F254-9217-4907-969F-4C75E3C8CDF8}.Release|x86.ActiveCfg = Release|Any CPU
		{4113F254-9217-4907-969F-4C75E3C8CDF8}.Release|x86.Build.0 = Release|Any CPU
		{B260CE22-F526-492E-980A-E52AFE666F12}.Debug|Any CPU.ActiveCfg = Debug|Any CPU
		{B260CE22-F526-492E-980A-E52AFE666F12}.Debug|Any CPU.Build.0 = Debug|Any CPU
		{B260CE22-F526-492E-980A-E52AFE666F12}.Debug|x64.ActiveCfg = Debug|Any CPU
		{B260CE22-F526-492E-980A-E52AFE666F12}.Debug|x64.Build.0 = Debug|Any CPU
		{B260CE22-F526-492E-980A-E52AFE666F12}.Debug|x86.ActiveCfg = Debug|Any CPU
		{B260CE22-F526-492E-980A-E52AFE666F12}.Debug|x86.Build.0 = Debug|Any CPU
		{B260CE22-F526-492E-980A-E52AFE666F12}.Release|Any CPU.ActiveCfg = Release|Any CPU
		{B260CE22-F526-492E-980A-E52AFE666F12}.Release|Any CPU.Build.0 = Release|Any CPU
		{B260CE22-F526-492E-980A-E52AFE666F12}.Release|x64.ActiveCfg = Release|Any CPU
		{B260CE22-F526-492E-980A-E52AFE666F12}.Release|x64.Build.0 = Release|Any CPU
		{B260CE22-F526-492E-980A-E52AFE666F12}.Release|x86.ActiveCfg = Release|Any CPU
		{B260CE22-F526-492E-980A-E52AFE666F12}.Release|x86.Build.0 = Release|Any CPU
		{26474B75-4C40-43DE-B114-B6C3FA0F26F3}.Debug|Any CPU.ActiveCfg = Debug|Any CPU
		{26474B75-4C40-43DE-B114-B6C3FA0F26F3}.Debug|Any CPU.Build.0 = Debug|Any CPU
		{26474B75-4C40-43DE-B114-B6C3FA0F26F3}.Debug|x64.ActiveCfg = Debug|Any CPU
		{26474B75-4C40-43DE-B114-B6C3FA0F26F3}.Debug|x64.Build.0 = Debug|Any CPU
		{26474B75-4C40-43DE-B114-B6C3FA0F26F3}.Debug|x86.ActiveCfg = Debug|Any CPU
		{26474B75-4C40-43DE-B114-B6C3FA0F26F3}.Debug|x86.Build.0 = Debug|Any CPU
		{26474B75-4C40-43DE-B114-B6C3FA0F26F3}.Release|Any CPU.ActiveCfg = Release|Any CPU
		{26474B75-4C40-43DE-B114-B6C3FA0F26F3}.Release|Any CPU.Build.0 = Release|Any CPU
		{26474B75-4C40-43DE-B114-B6C3FA0F26F3}.Release|x64.ActiveCfg = Release|Any CPU
		{26474B75-4C40-43DE-B114-B6C3FA0F26F3}.Release|x64.Build.0 = Release|Any CPU
		{26474B75-4C40-43DE-B114-B6C3FA0F26F3}.Release|x86.ActiveCfg = Release|Any CPU
		{26474B75-4C40-43DE-B114-B6C3FA0F26F3}.Release|x86.Build.0 = Release|Any CPU
		{2B2FE673-8049-433F-9DC5-CCC132C59855}.Debug|Any CPU.ActiveCfg = Debug|Any CPU
		{2B2FE673-8049-433F-9DC5-CCC132C59855}.Debug|Any CPU.Build.0 = Debug|Any CPU
		{2B2FE673-8049-433F-9DC5-CCC132C59855}.Debug|x64.ActiveCfg = Debug|Any CPU
		{2B2FE673-8049-433F-9DC5-CCC132C59855}.Debug|x64.Build.0 = Debug|Any CPU
		{2B2FE673-8049-433F-9DC5-CCC132C59855}.Debug|x86.ActiveCfg = Debug|Any CPU
		{2B2FE673-8049-433F-9DC5-CCC132C59855}.Debug|x86.Build.0 = Debug|Any CPU
		{2B2FE673-8049-433F-9DC5-CCC132C59855}.Release|Any CPU.ActiveCfg = Release|Any CPU
		{2B2FE673-8049-433F-9DC5-CCC132C59855}.Release|Any CPU.Build.0 = Release|Any CPU
		{2B2FE673-8049-433F-9DC5-CCC132C59855}.Release|x64.ActiveCfg = Release|Any CPU
		{2B2FE673-8049-433F-9DC5-CCC132C59855}.Release|x64.Build.0 = Release|Any CPU
		{2B2FE673-8049-433F-9DC5-CCC132C59855}.Release|x86.ActiveCfg = Release|Any CPU
		{2B2FE673-8049-433F-9DC5-CCC132C59855}.Release|x86.Build.0 = Release|Any CPU
		{09F11FFA-F504-42B4-A108-9E250024340B}.Debug|Any CPU.ActiveCfg = Debug|Any CPU
		{09F11FFA-F504-42B4-A108-9E250024340B}.Debug|Any CPU.Build.0 = Debug|Any CPU
		{09F11FFA-F504-42B4-A108-9E250024340B}.Debug|x64.ActiveCfg = Debug|Any CPU
		{09F11FFA-F504-42B4-A108-9E250024340B}.Debug|x64.Build.0 = Debug|Any CPU
		{09F11FFA-F504-42B4-A108-9E250024340B}.Debug|x86.ActiveCfg = Debug|Any CPU
		{09F11FFA-F504-42B4-A108-9E250024340B}.Debug|x86.Build.0 = Debug|Any CPU
		{09F11FFA-F504-42B4-A108-9E250024340B}.Release|Any CPU.ActiveCfg = Release|Any CPU
		{09F11FFA-F504-42B4-A108-9E250024340B}.Release|Any CPU.Build.0 = Release|Any CPU
		{09F11FFA-F504-42B4-A108-9E250024340B}.Release|x64.ActiveCfg = Release|Any CPU
		{09F11FFA-F504-42B4-A108-9E250024340B}.Release|x64.Build.0 = Release|Any CPU
		{09F11FFA-F504-42B4-A108-9E250024340B}.Release|x86.ActiveCfg = Release|Any CPU
		{09F11FFA-F504-42B4-A108-9E250024340B}.Release|x86.Build.0 = Release|Any CPU
		{8807A6DE-3F32-4EEF-BBB1-0235C55C40E0}.Debug|Any CPU.ActiveCfg = Debug|Any CPU
		{8807A6DE-3F32-4EEF-BBB1-0235C55C40E0}.Debug|Any CPU.Build.0 = Debug|Any CPU
		{8807A6DE-3F32-4EEF-BBB1-0235C55C40E0}.Debug|x64.ActiveCfg = Debug|Any CPU
		{8807A6DE-3F32-4EEF-BBB1-0235C55C40E0}.Debug|x64.Build.0 = Debug|Any CPU
		{8807A6DE-3F32-4EEF-BBB1-0235C55C40E0}.Debug|x86.ActiveCfg = Debug|Any CPU
		{8807A6DE-3F32-4EEF-BBB1-0235C55C40E0}.Debug|x86.Build.0 = Debug|Any CPU
		{8807A6DE-3F32-4EEF-BBB1-0235C55C40E0}.Release|Any CPU.ActiveCfg = Release|Any CPU
		{8807A6DE-3F32-4EEF-BBB1-0235C55C40E0}.Release|Any CPU.Build.0 = Release|Any CPU
		{8807A6DE-3F32-4EEF-BBB1-0235C55C40E0}.Release|x64.ActiveCfg = Release|Any CPU
		{8807A6DE-3F32-4EEF-BBB1-0235C55C40E0}.Release|x64.Build.0 = Release|Any CPU
		{8807A6DE-3F32-4EEF-BBB1-0235C55C40E0}.Release|x86.ActiveCfg = Release|Any CPU
		{8807A6DE-3F32-4EEF-BBB1-0235C55C40E0}.Release|x86.Build.0 = Release|Any CPU
		{97C776D2-E674-4C6A-B130-7F66B2CC8151}.Debug|Any CPU.ActiveCfg = Debug|Any CPU
		{97C776D2-E674-4C6A-B130-7F66B2CC8151}.Debug|Any CPU.Build.0 = Debug|Any CPU
		{97C776D2-E674-4C6A-B130-7F66B2CC8151}.Debug|x64.ActiveCfg = Debug|Any CPU
		{97C776D2-E674-4C6A-B130-7F66B2CC8151}.Debug|x64.Build.0 = Debug|Any CPU
		{97C776D2-E674-4C6A-B130-7F66B2CC8151}.Debug|x86.ActiveCfg = Debug|Any CPU
		{97C776D2-E674-4C6A-B130-7F66B2CC8151}.Debug|x86.Build.0 = Debug|Any CPU
		{97C776D2-E674-4C6A-B130-7F66B2CC8151}.Release|Any CPU.ActiveCfg = Release|Any CPU
		{97C776D2-E674-4C6A-B130-7F66B2CC8151}.Release|Any CPU.Build.0 = Release|Any CPU
		{97C776D2-E674-4C6A-B130-7F66B2CC8151}.Release|x64.ActiveCfg = Release|Any CPU
		{97C776D2-E674-4C6A-B130-7F66B2CC8151}.Release|x64.Build.0 = Release|Any CPU
		{97C776D2-E674-4C6A-B130-7F66B2CC8151}.Release|x86.ActiveCfg = Release|Any CPU
		{97C776D2-E674-4C6A-B130-7F66B2CC8151}.Release|x86.Build.0 = Release|Any CPU
		{534FFD42-650C-40F4-B6C2-7B7359725763}.Debug|Any CPU.ActiveCfg = Debug|Any CPU
		{534FFD42-650C-40F4-B6C2-7B7359725763}.Debug|Any CPU.Build.0 = Debug|Any CPU
		{534FFD42-650C-40F4-B6C2-7B7359725763}.Debug|x64.ActiveCfg = Debug|Any CPU
		{534FFD42-650C-40F4-B6C2-7B7359725763}.Debug|x64.Build.0 = Debug|Any CPU
		{534FFD42-650C-40F4-B6C2-7B7359725763}.Debug|x86.ActiveCfg = Debug|Any CPU
		{534FFD42-650C-40F4-B6C2-7B7359725763}.Debug|x86.Build.0 = Debug|Any CPU
		{534FFD42-650C-40F4-B6C2-7B7359725763}.Release|Any CPU.ActiveCfg = Release|Any CPU
		{534FFD42-650C-40F4-B6C2-7B7359725763}.Release|Any CPU.Build.0 = Release|Any CPU
		{534FFD42-650C-40F4-B6C2-7B7359725763}.Release|x64.ActiveCfg = Release|Any CPU
		{534FFD42-650C-40F4-B6C2-7B7359725763}.Release|x64.Build.0 = Release|Any CPU
		{534FFD42-650C-40F4-B6C2-7B7359725763}.Release|x86.ActiveCfg = Release|Any CPU
		{534FFD42-650C-40F4-B6C2-7B7359725763}.Release|x86.Build.0 = Release|Any CPU
		{B4561880-B465-4BD7-BCD2-8B78D5694AF8}.Debug|Any CPU.ActiveCfg = Debug|Any CPU
		{B4561880-B465-4BD7-BCD2-8B78D5694AF8}.Debug|Any CPU.Build.0 = Debug|Any CPU
		{B4561880-B465-4BD7-BCD2-8B78D5694AF8}.Debug|x64.ActiveCfg = Debug|Any CPU
		{B4561880-B465-4BD7-BCD2-8B78D5694AF8}.Debug|x64.Build.0 = Debug|Any CPU
		{B4561880-B465-4BD7-BCD2-8B78D5694AF8}.Debug|x86.ActiveCfg = Debug|Any CPU
		{B4561880-B465-4BD7-BCD2-8B78D5694AF8}.Debug|x86.Build.0 = Debug|Any CPU
		{B4561880-B465-4BD7-BCD2-8B78D5694AF8}.Release|Any CPU.ActiveCfg = Release|Any CPU
		{B4561880-B465-4BD7-BCD2-8B78D5694AF8}.Release|Any CPU.Build.0 = Release|Any CPU
		{B4561880-B465-4BD7-BCD2-8B78D5694AF8}.Release|x64.ActiveCfg = Release|Any CPU
		{B4561880-B465-4BD7-BCD2-8B78D5694AF8}.Release|x64.Build.0 = Release|Any CPU
		{B4561880-B465-4BD7-BCD2-8B78D5694AF8}.Release|x86.ActiveCfg = Release|Any CPU
		{B4561880-B465-4BD7-BCD2-8B78D5694AF8}.Release|x86.Build.0 = Release|Any CPU
		{945AF358-C923-4DD2-8306-51FDE93BBC67}.Debug|Any CPU.ActiveCfg = Debug|Any CPU
		{945AF358-C923-4DD2-8306-51FDE93BBC67}.Debug|Any CPU.Build.0 = Debug|Any CPU
		{945AF358-C923-4DD2-8306-51FDE93BBC67}.Debug|x64.ActiveCfg = Debug|Any CPU
		{945AF358-C923-4DD2-8306-51FDE93BBC67}.Debug|x64.Build.0 = Debug|Any CPU
		{945AF358-C923-4DD2-8306-51FDE93BBC67}.Debug|x86.ActiveCfg = Debug|Any CPU
		{945AF358-C923-4DD2-8306-51FDE93BBC67}.Debug|x86.Build.0 = Debug|Any CPU
		{945AF358-C923-4DD2-8306-51FDE93BBC67}.Release|Any CPU.ActiveCfg = Release|Any CPU
		{945AF358-C923-4DD2-8306-51FDE93BBC67}.Release|Any CPU.Build.0 = Release|Any CPU
		{945AF358-C923-4DD2-8306-51FDE93BBC67}.Release|x64.ActiveCfg = Release|Any CPU
		{945AF358-C923-4DD2-8306-51FDE93BBC67}.Release|x64.Build.0 = Release|Any CPU
		{945AF358-C923-4DD2-8306-51FDE93BBC67}.Release|x86.ActiveCfg = Release|Any CPU
		{945AF358-C923-4DD2-8306-51FDE93BBC67}.Release|x86.Build.0 = Release|Any CPU
		{2DEE672A-C33D-4E80-B1D9-4ACADD10DA5D}.Debug|Any CPU.ActiveCfg = Debug|Any CPU
		{2DEE672A-C33D-4E80-B1D9-4ACADD10DA5D}.Debug|Any CPU.Build.0 = Debug|Any CPU
		{2DEE672A-C33D-4E80-B1D9-4ACADD10DA5D}.Debug|x64.ActiveCfg = Debug|Any CPU
		{2DEE672A-C33D-4E80-B1D9-4ACADD10DA5D}.Debug|x64.Build.0 = Debug|Any CPU
		{2DEE672A-C33D-4E80-B1D9-4ACADD10DA5D}.Debug|x86.ActiveCfg = Debug|Any CPU
		{2DEE672A-C33D-4E80-B1D9-4ACADD10DA5D}.Debug|x86.Build.0 = Debug|Any CPU
		{2DEE672A-C33D-4E80-B1D9-4ACADD10DA5D}.Release|Any CPU.ActiveCfg = Release|Any CPU
		{2DEE672A-C33D-4E80-B1D9-4ACADD10DA5D}.Release|Any CPU.Build.0 = Release|Any CPU
		{2DEE672A-C33D-4E80-B1D9-4ACADD10DA5D}.Release|x64.ActiveCfg = Release|Any CPU
		{2DEE672A-C33D-4E80-B1D9-4ACADD10DA5D}.Release|x64.Build.0 = Release|Any CPU
		{2DEE672A-C33D-4E80-B1D9-4ACADD10DA5D}.Release|x86.ActiveCfg = Release|Any CPU
		{2DEE672A-C33D-4E80-B1D9-4ACADD10DA5D}.Release|x86.Build.0 = Release|Any CPU
		{6BEE17FE-88B3-47E4-A64B-65D59E77508B}.Debug|Any CPU.ActiveCfg = Debug|Any CPU
		{6BEE17FE-88B3-47E4-A64B-65D59E77508B}.Debug|Any CPU.Build.0 = Debug|Any CPU
		{6BEE17FE-88B3-47E4-A64B-65D59E77508B}.Debug|x64.ActiveCfg = Debug|Any CPU
		{6BEE17FE-88B3-47E4-A64B-65D59E77508B}.Debug|x64.Build.0 = Debug|Any CPU
		{6BEE17FE-88B3-47E4-A64B-65D59E77508B}.Debug|x86.ActiveCfg = Debug|Any CPU
		{6BEE17FE-88B3-47E4-A64B-65D59E77508B}.Debug|x86.Build.0 = Debug|Any CPU
		{6BEE17FE-88B3-47E4-A64B-65D59E77508B}.Release|Any CPU.ActiveCfg = Release|Any CPU
		{6BEE17FE-88B3-47E4-A64B-65D59E77508B}.Release|Any CPU.Build.0 = Release|Any CPU
		{6BEE17FE-88B3-47E4-A64B-65D59E77508B}.Release|x64.ActiveCfg = Release|Any CPU
		{6BEE17FE-88B3-47E4-A64B-65D59E77508B}.Release|x64.Build.0 = Release|Any CPU
		{6BEE17FE-88B3-47E4-A64B-65D59E77508B}.Release|x86.ActiveCfg = Release|Any CPU
		{6BEE17FE-88B3-47E4-A64B-65D59E77508B}.Release|x86.Build.0 = Release|Any CPU
		{22D38767-7810-4675-BDDE-583C75234961}.Debug|Any CPU.ActiveCfg = Debug|Any CPU
		{22D38767-7810-4675-BDDE-583C75234961}.Debug|Any CPU.Build.0 = Debug|Any CPU
		{22D38767-7810-4675-BDDE-583C75234961}.Debug|x64.ActiveCfg = Debug|Any CPU
		{22D38767-7810-4675-BDDE-583C75234961}.Debug|x64.Build.0 = Debug|Any CPU
		{22D38767-7810-4675-BDDE-583C75234961}.Debug|x86.ActiveCfg = Debug|Any CPU
		{22D38767-7810-4675-BDDE-583C75234961}.Debug|x86.Build.0 = Debug|Any CPU
		{22D38767-7810-4675-BDDE-583C75234961}.Release|Any CPU.ActiveCfg = Release|Any CPU
		{22D38767-7810-4675-BDDE-583C75234961}.Release|Any CPU.Build.0 = Release|Any CPU
		{22D38767-7810-4675-BDDE-583C75234961}.Release|x64.ActiveCfg = Release|Any CPU
		{22D38767-7810-4675-BDDE-583C75234961}.Release|x64.Build.0 = Release|Any CPU
		{22D38767-7810-4675-BDDE-583C75234961}.Release|x86.ActiveCfg = Release|Any CPU
		{22D38767-7810-4675-BDDE-583C75234961}.Release|x86.Build.0 = Release|Any CPU
		{EEE9F089-6342-4B8C-99F9-2A65D8108AFA}.Debug|Any CPU.ActiveCfg = Debug|Any CPU
		{EEE9F089-6342-4B8C-99F9-2A65D8108AFA}.Debug|Any CPU.Build.0 = Debug|Any CPU
		{EEE9F089-6342-4B8C-99F9-2A65D8108AFA}.Debug|x64.ActiveCfg = Debug|Any CPU
		{EEE9F089-6342-4B8C-99F9-2A65D8108AFA}.Debug|x64.Build.0 = Debug|Any CPU
		{EEE9F089-6342-4B8C-99F9-2A65D8108AFA}.Debug|x86.ActiveCfg = Debug|Any CPU
		{EEE9F089-6342-4B8C-99F9-2A65D8108AFA}.Debug|x86.Build.0 = Debug|Any CPU
		{EEE9F089-6342-4B8C-99F9-2A65D8108AFA}.Release|Any CPU.ActiveCfg = Release|Any CPU
		{EEE9F089-6342-4B8C-99F9-2A65D8108AFA}.Release|Any CPU.Build.0 = Release|Any CPU
		{EEE9F089-6342-4B8C-99F9-2A65D8108AFA}.Release|x64.ActiveCfg = Release|Any CPU
		{EEE9F089-6342-4B8C-99F9-2A65D8108AFA}.Release|x64.Build.0 = Release|Any CPU
		{EEE9F089-6342-4B8C-99F9-2A65D8108AFA}.Release|x86.ActiveCfg = Release|Any CPU
		{EEE9F089-6342-4B8C-99F9-2A65D8108AFA}.Release|x86.Build.0 = Release|Any CPU
		{4CA94968-25FE-4438-A084-22DFEDA85BAB}.Debug|Any CPU.ActiveCfg = Debug|Any CPU
		{4CA94968-25FE-4438-A084-22DFEDA85BAB}.Debug|Any CPU.Build.0 = Debug|Any CPU
		{4CA94968-25FE-4438-A084-22DFEDA85BAB}.Debug|x64.ActiveCfg = Debug|Any CPU
		{4CA94968-25FE-4438-A084-22DFEDA85BAB}.Debug|x64.Build.0 = Debug|Any CPU
		{4CA94968-25FE-4438-A084-22DFEDA85BAB}.Debug|x86.ActiveCfg = Debug|Any CPU
		{4CA94968-25FE-4438-A084-22DFEDA85BAB}.Debug|x86.Build.0 = Debug|Any CPU
		{4CA94968-25FE-4438-A084-22DFEDA85BAB}.Release|Any CPU.ActiveCfg = Release|Any CPU
		{4CA94968-25FE-4438-A084-22DFEDA85BAB}.Release|Any CPU.Build.0 = Release|Any CPU
		{4CA94968-25FE-4438-A084-22DFEDA85BAB}.Release|x64.ActiveCfg = Release|Any CPU
		{4CA94968-25FE-4438-A084-22DFEDA85BAB}.Release|x64.Build.0 = Release|Any CPU
		{4CA94968-25FE-4438-A084-22DFEDA85BAB}.Release|x86.ActiveCfg = Release|Any CPU
		{4CA94968-25FE-4438-A084-22DFEDA85BAB}.Release|x86.Build.0 = Release|Any CPU
		{245AA874-0D9D-4A6A-9F2C-1381F86FEE5F}.Debug|Any CPU.ActiveCfg = Debug|Any CPU
		{245AA874-0D9D-4A6A-9F2C-1381F86FEE5F}.Debug|Any CPU.Build.0 = Debug|Any CPU
		{245AA874-0D9D-4A6A-9F2C-1381F86FEE5F}.Debug|x64.ActiveCfg = Debug|Any CPU
		{245AA874-0D9D-4A6A-9F2C-1381F86FEE5F}.Debug|x64.Build.0 = Debug|Any CPU
		{245AA874-0D9D-4A6A-9F2C-1381F86FEE5F}.Debug|x86.ActiveCfg = Debug|Any CPU
		{245AA874-0D9D-4A6A-9F2C-1381F86FEE5F}.Debug|x86.Build.0 = Debug|Any CPU
		{245AA874-0D9D-4A6A-9F2C-1381F86FEE5F}.Release|Any CPU.ActiveCfg = Release|Any CPU
		{245AA874-0D9D-4A6A-9F2C-1381F86FEE5F}.Release|Any CPU.Build.0 = Release|Any CPU
		{245AA874-0D9D-4A6A-9F2C-1381F86FEE5F}.Release|x64.ActiveCfg = Release|Any CPU
		{245AA874-0D9D-4A6A-9F2C-1381F86FEE5F}.Release|x64.Build.0 = Release|Any CPU
		{245AA874-0D9D-4A6A-9F2C-1381F86FEE5F}.Release|x86.ActiveCfg = Release|Any CPU
		{245AA874-0D9D-4A6A-9F2C-1381F86FEE5F}.Release|x86.Build.0 = Release|Any CPU
		{E625A98C-F8D9-4CB5-8D92-C2579C2EA755}.Debug|Any CPU.ActiveCfg = Debug|Any CPU
		{E625A98C-F8D9-4CB5-8D92-C2579C2EA755}.Debug|Any CPU.Build.0 = Debug|Any CPU
		{E625A98C-F8D9-4CB5-8D92-C2579C2EA755}.Debug|x64.ActiveCfg = Debug|Any CPU
		{E625A98C-F8D9-4CB5-8D92-C2579C2EA755}.Debug|x64.Build.0 = Debug|Any CPU
		{E625A98C-F8D9-4CB5-8D92-C2579C2EA755}.Debug|x86.ActiveCfg = Debug|Any CPU
		{E625A98C-F8D9-4CB5-8D92-C2579C2EA755}.Debug|x86.Build.0 = Debug|Any CPU
		{E625A98C-F8D9-4CB5-8D92-C2579C2EA755}.Release|Any CPU.ActiveCfg = Release|Any CPU
		{E625A98C-F8D9-4CB5-8D92-C2579C2EA755}.Release|Any CPU.Build.0 = Release|Any CPU
		{E625A98C-F8D9-4CB5-8D92-C2579C2EA755}.Release|x64.ActiveCfg = Release|Any CPU
		{E625A98C-F8D9-4CB5-8D92-C2579C2EA755}.Release|x64.Build.0 = Release|Any CPU
		{E625A98C-F8D9-4CB5-8D92-C2579C2EA755}.Release|x86.ActiveCfg = Release|Any CPU
		{E625A98C-F8D9-4CB5-8D92-C2579C2EA755}.Release|x86.Build.0 = Release|Any CPU
		{CA6FDFB8-9865-4DC5-9341-A1C052780121}.Debug|Any CPU.ActiveCfg = Debug|Any CPU
		{CA6FDFB8-9865-4DC5-9341-A1C052780121}.Debug|Any CPU.Build.0 = Debug|Any CPU
		{CA6FDFB8-9865-4DC5-9341-A1C052780121}.Debug|x64.ActiveCfg = Debug|Any CPU
		{CA6FDFB8-9865-4DC5-9341-A1C052780121}.Debug|x64.Build.0 = Debug|Any CPU
		{CA6FDFB8-9865-4DC5-9341-A1C052780121}.Debug|x86.ActiveCfg = Debug|Any CPU
		{CA6FDFB8-9865-4DC5-9341-A1C052780121}.Debug|x86.Build.0 = Debug|Any CPU
		{CA6FDFB8-9865-4DC5-9341-A1C052780121}.Release|Any CPU.ActiveCfg = Release|Any CPU
		{CA6FDFB8-9865-4DC5-9341-A1C052780121}.Release|Any CPU.Build.0 = Release|Any CPU
		{CA6FDFB8-9865-4DC5-9341-A1C052780121}.Release|x64.ActiveCfg = Release|Any CPU
		{CA6FDFB8-9865-4DC5-9341-A1C052780121}.Release|x64.Build.0 = Release|Any CPU
		{CA6FDFB8-9865-4DC5-9341-A1C052780121}.Release|x86.ActiveCfg = Release|Any CPU
		{CA6FDFB8-9865-4DC5-9341-A1C052780121}.Release|x86.Build.0 = Release|Any CPU
		{EFA6673E-1AE5-4909-8076-FDA4575149A4}.Debug|Any CPU.ActiveCfg = Debug|Any CPU
		{EFA6673E-1AE5-4909-8076-FDA4575149A4}.Debug|Any CPU.Build.0 = Debug|Any CPU
		{EFA6673E-1AE5-4909-8076-FDA4575149A4}.Debug|x64.ActiveCfg = Debug|Any CPU
		{EFA6673E-1AE5-4909-8076-FDA4575149A4}.Debug|x64.Build.0 = Debug|Any CPU
		{EFA6673E-1AE5-4909-8076-FDA4575149A4}.Debug|x86.ActiveCfg = Debug|Any CPU
		{EFA6673E-1AE5-4909-8076-FDA4575149A4}.Debug|x86.Build.0 = Debug|Any CPU
		{EFA6673E-1AE5-4909-8076-FDA4575149A4}.Release|Any CPU.ActiveCfg = Release|Any CPU
		{EFA6673E-1AE5-4909-8076-FDA4575149A4}.Release|Any CPU.Build.0 = Release|Any CPU
		{EFA6673E-1AE5-4909-8076-FDA4575149A4}.Release|x64.ActiveCfg = Release|Any CPU
		{EFA6673E-1AE5-4909-8076-FDA4575149A4}.Release|x64.Build.0 = Release|Any CPU
		{EFA6673E-1AE5-4909-8076-FDA4575149A4}.Release|x86.ActiveCfg = Release|Any CPU
		{EFA6673E-1AE5-4909-8076-FDA4575149A4}.Release|x86.Build.0 = Release|Any CPU
		{66920DE7-3438-48C5-A269-E4BADF850D1E}.Debug|Any CPU.ActiveCfg = Debug|Any CPU
		{66920DE7-3438-48C5-A269-E4BADF850D1E}.Debug|Any CPU.Build.0 = Debug|Any CPU
		{66920DE7-3438-48C5-A269-E4BADF850D1E}.Debug|x64.ActiveCfg = Debug|Any CPU
		{66920DE7-3438-48C5-A269-E4BADF850D1E}.Debug|x64.Build.0 = Debug|Any CPU
		{66920DE7-3438-48C5-A269-E4BADF850D1E}.Debug|x86.ActiveCfg = Debug|Any CPU
		{66920DE7-3438-48C5-A269-E4BADF850D1E}.Debug|x86.Build.0 = Debug|Any CPU
		{66920DE7-3438-48C5-A269-E4BADF850D1E}.Release|Any CPU.ActiveCfg = Release|Any CPU
		{66920DE7-3438-48C5-A269-E4BADF850D1E}.Release|Any CPU.Build.0 = Release|Any CPU
		{66920DE7-3438-48C5-A269-E4BADF850D1E}.Release|x64.ActiveCfg = Release|Any CPU
		{66920DE7-3438-48C5-A269-E4BADF850D1E}.Release|x64.Build.0 = Release|Any CPU
		{66920DE7-3438-48C5-A269-E4BADF850D1E}.Release|x86.ActiveCfg = Release|Any CPU
		{66920DE7-3438-48C5-A269-E4BADF850D1E}.Release|x86.Build.0 = Release|Any CPU
		{CD579C7B-3C1E-4A77-8FE6-0E2E671D0BCC}.Debug|Any CPU.ActiveCfg = Debug|Any CPU
		{CD579C7B-3C1E-4A77-8FE6-0E2E671D0BCC}.Debug|Any CPU.Build.0 = Debug|Any CPU
		{CD579C7B-3C1E-4A77-8FE6-0E2E671D0BCC}.Debug|x64.ActiveCfg = Debug|Any CPU
		{CD579C7B-3C1E-4A77-8FE6-0E2E671D0BCC}.Debug|x64.Build.0 = Debug|Any CPU
		{CD579C7B-3C1E-4A77-8FE6-0E2E671D0BCC}.Debug|x86.ActiveCfg = Debug|Any CPU
		{CD579C7B-3C1E-4A77-8FE6-0E2E671D0BCC}.Debug|x86.Build.0 = Debug|Any CPU
		{CD579C7B-3C1E-4A77-8FE6-0E2E671D0BCC}.Release|Any CPU.ActiveCfg = Release|Any CPU
		{CD579C7B-3C1E-4A77-8FE6-0E2E671D0BCC}.Release|Any CPU.Build.0 = Release|Any CPU
		{CD579C7B-3C1E-4A77-8FE6-0E2E671D0BCC}.Release|x64.ActiveCfg = Release|Any CPU
		{CD579C7B-3C1E-4A77-8FE6-0E2E671D0BCC}.Release|x64.Build.0 = Release|Any CPU
		{CD579C7B-3C1E-4A77-8FE6-0E2E671D0BCC}.Release|x86.ActiveCfg = Release|Any CPU
		{CD579C7B-3C1E-4A77-8FE6-0E2E671D0BCC}.Release|x86.Build.0 = Release|Any CPU
		{EFB79C56-CAF9-4CAE-ABD1-7F14A4C48B32}.Debug|Any CPU.ActiveCfg = Debug|Any CPU
		{EFB79C56-CAF9-4CAE-ABD1-7F14A4C48B32}.Debug|Any CPU.Build.0 = Debug|Any CPU
		{EFB79C56-CAF9-4CAE-ABD1-7F14A4C48B32}.Debug|x64.ActiveCfg = Debug|Any CPU
		{EFB79C56-CAF9-4CAE-ABD1-7F14A4C48B32}.Debug|x64.Build.0 = Debug|Any CPU
		{EFB79C56-CAF9-4CAE-ABD1-7F14A4C48B32}.Debug|x86.ActiveCfg = Debug|Any CPU
		{EFB79C56-CAF9-4CAE-ABD1-7F14A4C48B32}.Debug|x86.Build.0 = Debug|Any CPU
		{EFB79C56-CAF9-4CAE-ABD1-7F14A4C48B32}.Release|Any CPU.ActiveCfg = Release|Any CPU
		{EFB79C56-CAF9-4CAE-ABD1-7F14A4C48B32}.Release|Any CPU.Build.0 = Release|Any CPU
		{EFB79C56-CAF9-4CAE-ABD1-7F14A4C48B32}.Release|x64.ActiveCfg = Release|Any CPU
		{EFB79C56-CAF9-4CAE-ABD1-7F14A4C48B32}.Release|x64.Build.0 = Release|Any CPU
		{EFB79C56-CAF9-4CAE-ABD1-7F14A4C48B32}.Release|x86.ActiveCfg = Release|Any CPU
		{EFB79C56-CAF9-4CAE-ABD1-7F14A4C48B32}.Release|x86.Build.0 = Release|Any CPU
		{680F6A9F-C687-44D1-8A21-557D42655AE6}.Debug|Any CPU.ActiveCfg = Debug|Any CPU
		{680F6A9F-C687-44D1-8A21-557D42655AE6}.Debug|Any CPU.Build.0 = Debug|Any CPU
		{680F6A9F-C687-44D1-8A21-557D42655AE6}.Debug|x64.ActiveCfg = Debug|Any CPU
		{680F6A9F-C687-44D1-8A21-557D42655AE6}.Debug|x64.Build.0 = Debug|Any CPU
		{680F6A9F-C687-44D1-8A21-557D42655AE6}.Debug|x86.ActiveCfg = Debug|Any CPU
		{680F6A9F-C687-44D1-8A21-557D42655AE6}.Debug|x86.Build.0 = Debug|Any CPU
		{680F6A9F-C687-44D1-8A21-557D42655AE6}.Release|Any CPU.ActiveCfg = Release|Any CPU
		{680F6A9F-C687-44D1-8A21-557D42655AE6}.Release|Any CPU.Build.0 = Release|Any CPU
		{680F6A9F-C687-44D1-8A21-557D42655AE6}.Release|x64.ActiveCfg = Release|Any CPU
		{680F6A9F-C687-44D1-8A21-557D42655AE6}.Release|x64.Build.0 = Release|Any CPU
		{680F6A9F-C687-44D1-8A21-557D42655AE6}.Release|x86.ActiveCfg = Release|Any CPU
		{680F6A9F-C687-44D1-8A21-557D42655AE6}.Release|x86.Build.0 = Release|Any CPU
		{1F42ECB0-C490-45A0-B37D-2D1740955686}.Debug|Any CPU.ActiveCfg = Debug|Any CPU
		{1F42ECB0-C490-45A0-B37D-2D1740955686}.Debug|Any CPU.Build.0 = Debug|Any CPU
		{1F42ECB0-C490-45A0-B37D-2D1740955686}.Debug|x64.ActiveCfg = Debug|Any CPU
		{1F42ECB0-C490-45A0-B37D-2D1740955686}.Debug|x64.Build.0 = Debug|Any CPU
		{1F42ECB0-C490-45A0-B37D-2D1740955686}.Debug|x86.ActiveCfg = Debug|Any CPU
		{1F42ECB0-C490-45A0-B37D-2D1740955686}.Debug|x86.Build.0 = Debug|Any CPU
		{1F42ECB0-C490-45A0-B37D-2D1740955686}.Release|Any CPU.ActiveCfg = Release|Any CPU
		{1F42ECB0-C490-45A0-B37D-2D1740955686}.Release|Any CPU.Build.0 = Release|Any CPU
		{1F42ECB0-C490-45A0-B37D-2D1740955686}.Release|x64.ActiveCfg = Release|Any CPU
		{1F42ECB0-C490-45A0-B37D-2D1740955686}.Release|x64.Build.0 = Release|Any CPU
		{1F42ECB0-C490-45A0-B37D-2D1740955686}.Release|x86.ActiveCfg = Release|Any CPU
		{1F42ECB0-C490-45A0-B37D-2D1740955686}.Release|x86.Build.0 = Release|Any CPU
		{A21A97FB-B46F-419E-B293-63BE5A249B82}.Debug|Any CPU.ActiveCfg = Debug|Any CPU
		{A21A97FB-B46F-419E-B293-63BE5A249B82}.Debug|Any CPU.Build.0 = Debug|Any CPU
		{A21A97FB-B46F-419E-B293-63BE5A249B82}.Debug|x64.ActiveCfg = Debug|Any CPU
		{A21A97FB-B46F-419E-B293-63BE5A249B82}.Debug|x64.Build.0 = Debug|Any CPU
		{A21A97FB-B46F-419E-B293-63BE5A249B82}.Debug|x86.ActiveCfg = Debug|Any CPU
		{A21A97FB-B46F-419E-B293-63BE5A249B82}.Debug|x86.Build.0 = Debug|Any CPU
		{A21A97FB-B46F-419E-B293-63BE5A249B82}.Release|Any CPU.ActiveCfg = Release|Any CPU
		{A21A97FB-B46F-419E-B293-63BE5A249B82}.Release|Any CPU.Build.0 = Release|Any CPU
		{A21A97FB-B46F-419E-B293-63BE5A249B82}.Release|x64.ActiveCfg = Release|Any CPU
		{A21A97FB-B46F-419E-B293-63BE5A249B82}.Release|x64.Build.0 = Release|Any CPU
		{A21A97FB-B46F-419E-B293-63BE5A249B82}.Release|x86.ActiveCfg = Release|Any CPU
		{A21A97FB-B46F-419E-B293-63BE5A249B82}.Release|x86.Build.0 = Release|Any CPU
	EndGlobalSection
	GlobalSection(SolutionProperties) = preSolution
		HideSolutionNode = FALSE
	EndGlobalSection
	GlobalSection(NestedProjects) = preSolution
		{654FAA66-029C-4B2E-A270-F79E5824DAB5} = {9BE03583-2623-E878-6D65-A3B383D96AD2}
		{F60CBF17-6EEF-4C23-988F-24CF6D8A95EC} = {9BE03583-2623-E878-6D65-A3B383D96AD2}
		{A435C2ED-13CF-403D-AACF-5EB5420A818D} = {9BE03583-2623-E878-6D65-A3B383D96AD2}
		{9CCC6349-FED1-49D7-A4A5-8443950E96FC} = {259D8C9C-B07B-C3FF-5BC2-829ADE4F744F}
		{7CA008B1-5AE0-49D3-A40E-3D7C2F244483} = {259D8C9C-B07B-C3FF-5BC2-829ADE4F744F}
		{F2454A1B-6592-4D5B-B99D-070BB22C96D8} = {259D8C9C-B07B-C3FF-5BC2-829ADE4F744F}
		{26474B75-4C40-43DE-B114-B6C3FA0F26F3} = {804EEA85-F9CB-7E03-2341-AC7C228ABB73}
		{2B2FE673-8049-433F-9DC5-CCC132C59855} = {804EEA85-F9CB-7E03-2341-AC7C228ABB73}
		{09F11FFA-F504-42B4-A108-9E250024340B} = {804EEA85-F9CB-7E03-2341-AC7C228ABB73}
		{97C776D2-E674-4C6A-B130-7F66B2CC8151} = {8AF29469-A5A5-28FA-BB10-7CDC419BD7C8}
		{534FFD42-650C-40F4-B6C2-7B7359725763} = {8AF29469-A5A5-28FA-BB10-7CDC419BD7C8}
		{B4561880-B465-4BD7-BCD2-8B78D5694AF8} = {8AF29469-A5A5-28FA-BB10-7CDC419BD7C8}
		{945AF358-C923-4DD2-8306-51FDE93BBC67} = {0624CC71-8139-9DA3-CA86-0AEB447DCADF}
		{2DEE672A-C33D-4E80-B1D9-4ACADD10DA5D} = {0624CC71-8139-9DA3-CA86-0AEB447DCADF}
		{6BEE17FE-88B3-47E4-A64B-65D59E77508B} = {588A60B1-1C48-3A52-947B-50CF7F292D12}
		{22D38767-7810-4675-BDDE-583C75234961} = {588A60B1-1C48-3A52-947B-50CF7F292D12}
		{EEE9F089-6342-4B8C-99F9-2A65D8108AFA} = {395339CF-9D11-607B-D043-E73A85152C18}
		{4CA94968-25FE-4438-A084-22DFEDA85BAB} = {395339CF-9D11-607B-D043-E73A85152C18}
		{245AA874-0D9D-4A6A-9F2C-1381F86FEE5F} = {395339CF-9D11-607B-D043-E73A85152C18}
		{E625A98C-F8D9-4CB5-8D92-C2579C2EA755} = {395339CF-9D11-607B-D043-E73A85152C18}
		{CA6FDFB8-9865-4DC5-9341-A1C052780121} = {EFF00E51-424E-E6FE-6CEB-4FC2D729CAAD}
		{EFA6673E-1AE5-4909-8076-FDA4575149A4} = {EFF00E51-424E-E6FE-6CEB-4FC2D729CAAD}
		{66920DE7-3438-48C5-A269-E4BADF850D1E} = {3B096213-726F-FF84-031C-38439C4193B1}
		{CD579C7B-3C1E-4A77-8FE6-0E2E671D0BCC} = {3B096213-726F-FF84-031C-38439C4193B1}
		{EFB79C56-CAF9-4CAE-ABD1-7F14A4C48B32} = {429A38A3-2154-C773-7B4D-963A6B06CA53}
		{680F6A9F-C687-44D1-8A21-557D42655AE6} = {429A38A3-2154-C773-7B4D-963A6B06CA53}
		{1F42ECB0-C490-45A0-B37D-2D1740955686} = {371F9DA2-FC15-9B98-7A21-A5ABF08FBB5E}
		{A21A97FB-B46F-419E-B293-63BE5A249B82} = {371F9DA2-FC15-9B98-7A21-A5ABF08FBB5E}
	EndGlobalSection
EndGlobal
