
Microsoft Visual Studio Solution File, Format Version 12.00
# Visual Studio Version 17
VisualStudioVersion = 17.0.31903.59
MinimumVisualStudioVersion = 10.0.40219.1
Project("{FAE04EC0-301F-11D3-BF4B-00C04F79EFBC}") = "01_web-api_demo", "01_web-api_demo\01_web-api_demo.csproj", "{EDC323C3-36D6-4343-8FBD-BDE16269CC0B}"
EndProject
Project("{2150E333-8FDC-42A3-9474-1A3956D46DE8}") = "02_one-to-many", "02_one-to-many", "{9BE03583-2623-E878-6D65-A3B383D96AD2}"
EndProject
Project("{FAE04EC0-301F-11D3-BF4B-00C04F79EFBC}") = "backend", "02_one-to-many\backend\backend.csproj", "{654FAA66-029C-4B2E-A270-F79E5824DAB5}"
EndProject
Project("{FAE04EC0-301F-11D3-BF4B-00C04F79EFBC}") = "frontend", "02_one-to-many\frontend\frontend.csproj", "{F60CBF17-6EEF-4C23-988F-24CF6D8A95EC}"
EndProject
Project("{FAE04EC0-301F-11D3-BF4B-00C04F79EFBC}") = "LModels", "02_one-to-many\LModels\LModels.csproj", "{A435C2ED-13CF-403D-AACF-5EB5420A818D}"
EndProject
Project("{2150E333-8FDC-42A3-9474-1A3956D46DE8}") = "03_upload-file-local", "03_upload-file-local", "{259D8C9C-B07B-C3FF-5BC2-829ADE4F744F}"
EndProject
Project("{FAE04EC0-301F-11D3-BF4B-00C04F79EFBC}") = "backend", "03_upload-file-local\backend\backend.csproj", "{9CCC6349-FED1-49D7-A4A5-8443950E96FC}"
EndProject
Project("{FAE04EC0-301F-11D3-BF4B-00C04F79EFBC}") = "frontend", "03_upload-file-local\frontend\frontend.csproj", "{7CA008B1-5AE0-49D3-A40E-3D7C2F244483}"
EndProject
Project("{FAE04EC0-301F-11D3-BF4B-00C04F79EFBC}") = "LModels", "03_upload-file-local\LModels\LModels.csproj", "{F2454A1B-6592-4D5B-B99D-070BB22C96D8}"
EndProject
Global
	GlobalSection(SolutionConfigurationPlatforms) = preSolution
		Debug|Any CPU = Debug|Any CPU
		Debug|x64 = Debug|x64
		Debug|x86 = Debug|x86
		Release|Any CPU = Release|Any CPU
		Release|x64 = Release|x64
		Release|x86 = Release|x86
	EndGlobalSection
	GlobalSection(ProjectConfigurationPlatforms) = postSolution
		{EDC323C3-36D6-4343-8FBD-BDE16269CC0B}.Debug|Any CPU.ActiveCfg = Debug|Any CPU
		{EDC323C3-36D6-4343-8FBD-BDE16269CC0B}.Debug|Any CPU.Build.0 = Debug|Any CPU
		{EDC323C3-36D6-4343-8FBD-BDE16269CC0B}.Debug|x64.ActiveCfg = Debug|Any CPU
		{EDC323C3-36D6-4343-8FBD-BDE16269CC0B}.Debug|x64.Build.0 = Debug|Any CPU
		{EDC323C3-36D6-4343-8FBD-BDE16269CC0B}.Debug|x86.ActiveCfg = Debug|Any CPU
		{EDC323C3-36D6-4343-8FBD-BDE16269CC0B}.Debug|x86.Build.0 = Debug|Any CPU
		{EDC323C3-36D6-4343-8FBD-BDE16269CC0B}.Release|Any CPU.ActiveCfg = Release|Any CPU
		{EDC323C3-36D6-4343-8FBD-BDE16269CC0B}.Release|Any CPU.Build.0 = Release|Any CPU
		{EDC323C3-36D6-4343-8FBD-BDE16269CC0B}.Release|x64.ActiveCfg = Release|Any CPU
		{EDC323C3-36D6-4343-8FBD-BDE16269CC0B}.Release|x64.Build.0 = Release|Any CPU
		{EDC323C3-36D6-4343-8FBD-BDE16269CC0B}.Release|x86.ActiveCfg = Release|Any CPU
		{EDC323C3-36D6-4343-8FBD-BDE16269CC0B}.Release|x86.Build.0 = Release|Any CPU
		{654FAA66-029C-4B2E-A270-F79E5824DAB5}.Debug|Any CPU.ActiveCfg = Debug|Any CPU
		{654FAA66-029C-4B2E-A270-F79E5824DAB5}.Debug|Any CPU.Build.0 = Debug|Any CPU
		{654FAA66-029C-4B2E-A270-F79E5824DAB5}.Debug|x64.ActiveCfg = Debug|Any CPU
		{654FAA66-029C-4B2E-A270-F79E5824DAB5}.Debug|x64.Build.0 = Debug|Any CPU
		{654FAA66-029C-4B2E-A270-F79E5824DAB5}.Debug|x86.ActiveCfg = Debug|Any CPU
		{654FAA66-029C-4B2E-A270-F79E5824DAB5}.Debug|x86.Build.0 = Debug|Any CPU
		{654FAA66-029C-4B2E-A270-F79E5824DAB5}.Release|Any CPU.ActiveCfg = Release|Any CPU
		{654FAA66-029C-4B2E-A270-F79E5824DAB5}.Release|Any CPU.Build.0 = Release|Any CPU
		{654FAA66-029C-4B2E-A270-F79E5824DAB5}.Release|x64.ActiveCfg = Release|Any CPU
		{654FAA66-029C-4B2E-A270-F79E5824DAB5}.Release|x64.Build.0 = Release|Any CPU
		{654FAA66-029C-4B2E-A270-F79E5824DAB5}.Release|x86.ActiveCfg = Release|Any CPU
		{654FAA66-029C-4B2E-A270-F79E5824DAB5}.Release|x86.Build.0 = Release|Any CPU
		{F60CBF17-6EEF-4C23-988F-24CF6D8A95EC}.Debug|Any CPU.ActiveCfg = Debug|Any CPU
		{F60CBF17-6EEF-4C23-988F-24CF6D8A95EC}.Debug|Any CPU.Build.0 = Debug|Any CPU
		{F60CBF17-6EEF-4C23-988F-24CF6D8A95EC}.Debug|x64.ActiveCfg = Debug|Any CPU
		{F60CBF17-6EEF-4C23-988F-24CF6D8A95EC}.Debug|x64.Build.0 = Debug|Any CPU
		{F60CBF17-6EEF-4C23-988F-24CF6D8A95EC}.Debug|x86.ActiveCfg = Debug|Any CPU
		{F60CBF17-6EEF-4C23-988F-24CF6D8A95EC}.Debug|x86.Build.0 = Debug|Any CPU
		{F60CBF17-6EEF-4C23-988F-24CF6D8A95EC}.Release|Any CPU.ActiveCfg = Release|Any CPU
		{F60CBF17-6EEF-4C23-988F-24CF6D8A95EC}.Release|Any CPU.Build.0 = Release|Any CPU
		{F60CBF17-6EEF-4C23-988F-24CF6D8A95EC}.Release|x64.ActiveCfg = Release|Any CPU
		{F60CBF17-6EEF-4C23-988F-24CF6D8A95EC}.Release|x64.Build.0 = Release|Any CPU
		{F60CBF17-6EEF-4C23-988F-24CF6D8A95EC}.Release|x86.ActiveCfg = Release|Any CPU
		{F60CBF17-6EEF-4C23-988F-24CF6D8A95EC}.Release|x86.Build.0 = Release|Any CPU
		{A435C2ED-13CF-403D-AACF-5EB5420A818D}.Debug|Any CPU.ActiveCfg = Debug|Any CPU
		{A435C2ED-13CF-403D-AACF-5EB5420A818D}.Debug|Any CPU.Build.0 = Debug|Any CPU
		{A435C2ED-13CF-403D-AACF-5EB5420A818D}.Debug|x64.ActiveCfg = Debug|Any CPU
		{A435C2ED-13CF-403D-AACF-5EB5420A818D}.Debug|x64.Build.0 = Debug|Any CPU
		{A435C2ED-13CF-403D-AACF-5EB5420A818D}.Debug|x86.ActiveCfg = Debug|Any CPU
		{A435C2ED-13CF-403D-AACF-5EB5420A818D}.Debug|x86.Build.0 = Debug|Any CPU
		{A435C2ED-13CF-403D-AACF-5EB5420A818D}.Release|Any CPU.ActiveCfg = Release|Any CPU
		{A435C2ED-13CF-403D-AACF-5EB5420A818D}.Release|Any CPU.Build.0 = Release|Any CPU
		{A435C2ED-13CF-403D-AACF-5EB5420A818D}.Release|x64.ActiveCfg = Release|Any CPU
		{A435C2ED-13CF-403D-AACF-5EB5420A818D}.Release|x64.Build.0 = Release|Any CPU
		{A435C2ED-13CF-403D-AACF-5EB5420A818D}.Release|x86.ActiveCfg = Release|Any CPU
		{A435C2ED-13CF-403D-AACF-5EB5420A818D}.Release|x86.Build.0 = Release|Any CPU
		{9CCC6349-FED1-49D7-A4A5-8443950E96FC}.Debug|Any CPU.ActiveCfg = Debug|Any CPU
		{9CCC6349-FED1-49D7-A4A5-8443950E96FC}.Debug|Any CPU.Build.0 = Debug|Any CPU
		{9CCC6349-FED1-49D7-A4A5-8443950E96FC}.Debug|x64.ActiveCfg = Debug|Any CPU
		{9CCC6349-FED1-49D7-A4A5-8443950E96FC}.Debug|x64.Build.0 = Debug|Any CPU
		{9CCC6349-FED1-49D7-A4A5-8443950E96FC}.Debug|x86.ActiveCfg = Debug|Any CPU
		{9CCC6349-FED1-49D7-A4A5-8443950E96FC}.Debug|x86.Build.0 = Debug|Any CPU
		{9CCC6349-FED1-49D7-A4A5-8443950E96FC}.Release|Any CPU.ActiveCfg = Release|Any CPU
		{9CCC6349-FED1-49D7-A4A5-8443950E96FC}.Release|Any CPU.Build.0 = Release|Any CPU
		{9CCC6349-FED1-49D7-A4A5-8443950E96FC}.Release|x64.ActiveCfg = Release|Any CPU
		{9CCC6349-FED1-49D7-A4A5-8443950E96FC}.Release|x64.Build.0 = Release|Any CPU
		{9CCC6349-FED1-49D7-A4A5-8443950E96FC}.Release|x86.ActiveCfg = Release|Any CPU
		{9CCC6349-FED1-49D7-A4A5-8443950E96FC}.Release|x86.Build.0 = Release|Any CPU
		{7CA008B1-5AE0-49D3-A40E-3D7C2F244483}.Debug|Any CPU.ActiveCfg = Debug|Any CPU
		{7CA008B1-5AE0-49D3-A40E-3D7C2F244483}.Debug|Any CPU.Build.0 = Debug|Any CPU
		{7CA008B1-5AE0-49D3-A40E-3D7C2F244483}.Debug|x64.ActiveCfg = Debug|Any CPU
		{7CA008B1-5AE0-49D3-A40E-3D7C2F244483}.Debug|x64.Build.0 = Debug|Any CPU
		{7CA008B1-5AE0-49D3-A40E-3D7C2F244483}.Debug|x86.ActiveCfg = Debug|Any CPU
		{7CA008B1-5AE0-49D3-A40E-3D7C2F244483}.Debug|x86.Build.0 = Debug|Any CPU
		{7CA008B1-5AE0-49D3-A40E-3D7C2F244483}.Release|Any CPU.ActiveCfg = Release|Any CPU
		{7CA008B1-5AE0-49D3-A40E-3D7C2F244483}.Release|Any CPU.Build.0 = Release|Any CPU
		{7CA008B1-5AE0-49D3-A40E-3D7C2F244483}.Release|x64.ActiveCfg = Release|Any CPU
		{7CA008B1-5AE0-49D3-A40E-3D7C2F244483}.Release|x64.Build.0 = Release|Any CPU
		{7CA008B1-5AE0-49D3-A40E-3D7C2F244483}.Release|x86.ActiveCfg = Release|Any CPU
		{7CA008B1-5AE0-49D3-A40E-3D7C2F244483}.Release|x86.Build.0 = Release|Any CPU
		{F2454A1B-6592-4D5B-B99D-070BB22C96D8}.Debug|Any CPU.ActiveCfg = Debug|Any CPU
		{F2454A1B-6592-4D5B-B99D-070BB22C96D8}.Debug|Any CPU.Build.0 = Debug|Any CPU
		{F2454A1B-6592-4D5B-B99D-070BB22C96D8}.Debug|x64.ActiveCfg = Debug|Any CPU
		{F2454A1B-6592-4D5B-B99D-070BB22C96D8}.Debug|x64.Build.0 = Debug|Any CPU
		{F2454A1B-6592-4D5B-B99D-070BB22C96D8}.Debug|x86.ActiveCfg = Debug|Any CPU
		{F2454A1B-6592-4D5B-B99D-070BB22C96D8}.Debug|x86.Build.0 = Debug|Any CPU
		{F2454A1B-6592-4D5B-B99D-070BB22C96D8}.Release|Any CPU.ActiveCfg = Release|Any CPU
		{F2454A1B-6592-4D5B-B99D-070BB22C96D8}.Release|Any CPU.Build.0 = Release|Any CPU
		{F2454A1B-6592-4D5B-B99D-070BB22C96D8}.Release|x64.ActiveCfg = Release|Any CPU
		{F2454A1B-6592-4D5B-B99D-070BB22C96D8}.Release|x64.Build.0 = Release|Any CPU
		{F2454A1B-6592-4D5B-B99D-070BB22C96D8}.Release|x86.ActiveCfg = Release|Any CPU
		{F2454A1B-6592-4D5B-B99D-070BB22C96D8}.Release|x86.Build.0 = Release|Any CPU
	EndGlobalSection
	GlobalSection(SolutionProperties) = preSolution
		HideSolutionNode = FALSE
	EndGlobalSection
	GlobalSection(NestedProjects) = preSolution
		{654FAA66-029C-4B2E-A270-F79E5824DAB5} = {9BE03583-2623-E878-6D65-A3B383D96AD2}
		{F60CBF17-6EEF-4C23-988F-24CF6D8A95EC} = {9BE03583-2623-E878-6D65-A3B383D96AD2}
		{A435C2ED-13CF-403D-AACF-5EB5420A818D} = {9BE03583-2623-E878-6D65-A3B383D96AD2}
		{9CCC6349-FED1-49D7-A4A5-8443950E96FC} = {259D8C9C-B07B-C3FF-5BC2-829ADE4F744F}
		{7CA008B1-5AE0-49D3-A40E-3D7C2F244483} = {259D8C9C-B07B-C3FF-5BC2-829ADE4F744F}
		{F2454A1B-6592-4D5B-B99D-070BB22C96D8} = {259D8C9C-B07B-C3FF-5BC2-829ADE4F744F}
	EndGlobalSection
EndGlobal
